github.com/go-sql-driver/mysql v1.6.0 h1:BCTh4TKNUYmOmMUcQ3IipzF5prigylS7XXjEkfCHuOE=
github.com/go-sql-driver/mysql v1.6.0/go.mod h1:DCzpHaOWr8IXmIStZouvnhqoel9Qv2LBy8hT2VhHyBg=
github.com/markcheno/go-talib v0.0.0-20190307022042-cd53a9264d70 h1:+iG37/Aw61Oc+ZJ4DSxQF2+K0e4ZiMidI7ytWuW4/cI=
github.com/markcheno/go-talib v0.0.0-20190307022042-cd53a9264d70/go.mod h1:xsYvOKWtDWoDV0kdN3U8tYZ4lVrhjqf64cJRzR4ScTI=
